
Microsoft Visual Studio Solution File, Format Version 12.00
# Visual Studio 15
Project("{FAE04EC0-301F-11D3-BF4B-00C04F79EFBC}") = "Assembly-CSharp", "Assembly-CSharp.csproj", "{8BB0D41B-4D7C-EADD-17CE-EC9176A456C2}"
EndProject
Project("{FAE04EC0-301F-11D3-BF4B-00C04F79EFBC}") = "Assembly-CSharp-Editor", "Assembly-CSharp-Editor.csproj", "{7CF7307D-EB8C-1C1E-6C90-166D09FDD0CE}"
EndProject
Global
	GlobalSection(SolutionConfigurationPlatforms) = preSolution
		Debug|Any CPU = Debug|Any CPU
		Release|Any CPU = Release|Any CPU
	EndGlobalSection
	GlobalSection(ProjectConfigurationPlatforms) = postSolution
		{8BB0D41B-4D7C-EADD-17CE-EC9176A456C2}.Debug|Any CPU.ActiveCfg = Debug|Any CPU
		{8BB0D41B-4D7C-EADD-17CE-EC9176A456C2}.Debug|Any CPU.Build.0 = Debug|Any CPU
		{8BB0D41B-4D7C-EADD-17CE-EC9176A456C2}.Release|Any CPU.ActiveCfg = Release|Any CPU
		{8BB0D41B-4D7C-EADD-17CE-EC9176A456C2}.Release|Any CPU.Build.0 = Release|Any CPU
		{7CF7307D-EB8C-1C1E-6C90-166D09FDD0CE}.Debug|Any CPU.ActiveCfg = Debug|Any CPU
		{7CF7307D-EB8C-1C1E-6C90-166D09FDD0CE}.Debug|Any CPU.Build.0 = Debug|Any CPU
		{7CF7307D-EB8C-1C1E-6C90-166D09FDD0CE}.Release|Any CPU.ActiveCfg = Release|Any CPU
		{7CF7307D-EB8C-1C1E-6C90-166D09FDD0CE}.Release|Any CPU.Build.0 = Release|Any CPU
	EndGlobalSection
	GlobalSection(SolutionProperties) = preSolution
		HideSolutionNode = FALSE
	EndGlobalSection
EndGlobal
